
Microsoft Visual Studio Solution File, Format Version 12.00
# Visual Studio 15
VisualStudioVersion = 15.0.27130.2027
MinimumVisualStudioVersion = 10.0.40219.1
Project("{FAE04EC0-301F-11D3-BF4B-00C04F79EFBC}") = "Project-3-Data", "Project-3-Data.csproj", "{B8355BA7-B75C-4720-956E-2A09A5F0C3EB}"
EndProject
Global
	GlobalSection(SolutionConfigurationPlatforms) = preSolution
		Debug|Any CPU = Debug|Any CPU
		Release|Any CPU = Release|Any CPU
	EndGlobalSection
	GlobalSection(ProjectConfigurationPlatforms) = postSolution
		{B8355BA7-B75C-4720-956E-2A09A5F0C3EB}.Debug|Any CPU.ActiveCfg = Debug|Any CPU
		{B8355BA7-B75C-4720-956E-2A09A5F0C3EB}.Debug|Any CPU.Build.0 = Debug|Any CPU
		{B8355BA7-B75C-4720-956E-2A09A5F0C3EB}.Release|Any CPU.ActiveCfg = Release|Any CPU
		{B8355BA7-B75C-4720-956E-2A09A5F0C3EB}.Release|Any CPU.Build.0 = Release|Any CPU
	EndGlobalSection
	GlobalSection(SolutionProperties) = preSolution
		HideSolutionNode = FALSE
	EndGlobalSection
	GlobalSection(ExtensibilityGlobals) = postSolution
		SolutionGuid = {6B4E56C7-4242-4800-9FE1-ED85A986A703}
	EndGlobalSection
EndGlobal
